
Microsoft Visual Studio Solution File, Format Version 12.00
# Visual Studio Version 16
VisualStudioVersion = 16.0.29123.88
MinimumVisualStudioVersion = 10.0.40219.1
Project("{8BC9CEB8-8B4A-11D0-8D11-00A0C91BC942}") = "MySTL", "MySTL\MySTL.vcxproj", "{95259D9B-311E-4D74-8B77-B4C500D3310B}"
EndProject
Project("{8BC9CEB8-8B4A-11D0-8D11-00A0C91BC942}") = "Airport", "Airport\Airplane.vcxproj", "{CDAD720B-3BFC-4062-900D-C34C1F42184A}"
EndProject
Project("{8BC9CEB8-8B4A-11D0-8D11-00A0C91BC942}") = "EightQueen", "EightQueen\EightQueen.vcxproj", "{006AAA61-A681-47BE-87BC-A01A5E86FAEF}"
EndProject
Project("{8BC9CEB8-8B4A-11D0-8D11-00A0C91BC942}") = "TicTacToe", "TicTacToe\TicTacToe.vcxproj", "{8C580111-BEB6-45EE-80BE-C6CAED8D316C}"
EndProject
Project("{8BC9CEB8-8B4A-11D0-8D11-00A0C91BC942}") = "TicTacToev2", "TicTacToev2\TicTacToev2.vcxproj", "{FB5243B6-56CA-445A-94BF-9BDF10A2BF2F}"
EndProject
Global
	GlobalSection(SolutionConfigurationPlatforms) = preSolution
		Debug|x64 = Debug|x64
		Debug|x86 = Debug|x86
		Release|x64 = Release|x64
		Release|x86 = Release|x86
	EndGlobalSection
	GlobalSection(ProjectConfigurationPlatforms) = postSolution
		{95259D9B-311E-4D74-8B77-B4C500D3310B}.Debug|x64.ActiveCfg = Debug|x64
		{95259D9B-311E-4D74-8B77-B4C500D3310B}.Debug|x64.Build.0 = Debug|x64
		{95259D9B-311E-4D74-8B77-B4C500D3310B}.Debug|x86.ActiveCfg = Debug|Win32
		{95259D9B-311E-4D74-8B77-B4C500D3310B}.Debug|x86.Build.0 = Debug|Win32
		{95259D9B-311E-4D74-8B77-B4C500D3310B}.Release|x64.ActiveCfg = Release|x64
		{95259D9B-311E-4D74-8B77-B4C500D3310B}.Release|x64.Build.0 = Release|x64
		{95259D9B-311E-4D74-8B77-B4C500D3310B}.Release|x86.ActiveCfg = Release|Win32
		{95259D9B-311E-4D74-8B77-B4C500D3310B}.Release|x86.Build.0 = Release|Win32
		{CDAD720B-3BFC-4062-900D-C34C1F42184A}.Debug|x64.ActiveCfg = Debug|x64
		{CDAD720B-3BFC-4062-900D-C34C1F42184A}.Debug|x64.Build.0 = Debug|x64
		{CDAD720B-3BFC-4062-900D-C34C1F42184A}.Debug|x86.ActiveCfg = Debug|Win32
		{CDAD720B-3BFC-4062-900D-C34C1F42184A}.Debug|x86.Build.0 = Debug|Win32
		{CDAD720B-3BFC-4062-900D-C34C1F42184A}.Release|x64.ActiveCfg = Release|x64
		{CDAD720B-3BFC-4062-900D-C34C1F42184A}.Release|x64.Build.0 = Release|x64
		{CDAD720B-3BFC-4062-900D-C34C1F42184A}.Release|x86.ActiveCfg = Release|Win32
		{CDAD720B-3BFC-4062-900D-C34C1F42184A}.Release|x86.Build.0 = Release|Win32
		{006AAA61-A681-47BE-87BC-A01A5E86FAEF}.Debug|x64.ActiveCfg = Debug|x64
		{006AAA61-A681-47BE-87BC-A01A5E86FAEF}.Debug|x64.Build.0 = Debug|x64
		{006AAA61-A681-47BE-87BC-A01A5E86FAEF}.Debug|x86.ActiveCfg = Debug|Win32
		{006AAA61-A681-47BE-87BC-A01A5E86FAEF}.Debug|x86.Build.0 = Debug|Win32
		{006AAA61-A681-47BE-87BC-A01A5E86FAEF}.Release|x64.ActiveCfg = Release|x64
		{006AAA61-A681-47BE-87BC-A01A5E86FAEF}.Release|x64.Build.0 = Release|x64
		{006AAA61-A681-47BE-87BC-A01A5E86FAEF}.Release|x86.ActiveCfg = Release|Win32
		{006AAA61-A681-47BE-87BC-A01A5E86FAEF}.Release|x86.Build.0 = Release|Win32
		{8C580111-BEB6-45EE-80BE-C6CAED8D316C}.Debug|x64.ActiveCfg = Debug|x64
		{8C580111-BEB6-45EE-80BE-C6CAED8D316C}.Debug|x64.Build.0 = Debug|x64
		{8C580111-BEB6-45EE-80BE-C6CAED8D316C}.Debug|x86.ActiveCfg = Debug|Win32
		{8C580111-BEB6-45EE-80BE-C6CAED8D316C}.Debug|x86.Build.0 = Debug|Win32
		{8C580111-BEB6-45EE-80BE-C6CAED8D316C}.Release|x64.ActiveCfg = Release|x64
		{8C580111-BEB6-45EE-80BE-C6CAED8D316C}.Release|x64.Build.0 = Release|x64
		{8C580111-BEB6-45EE-80BE-C6CAED8D316C}.Release|x86.ActiveCfg = Release|Win32
		{8C580111-BEB6-45EE-80BE-C6CAED8D316C}.Release|x86.Build.0 = Release|Win32
		{FB5243B6-56CA-445A-94BF-9BDF10A2BF2F}.Debug|x64.ActiveCfg = Debug|x64
		{FB5243B6-56CA-445A-94BF-9BDF10A2BF2F}.Debug|x64.Build.0 = Debug|x64
		{FB5243B6-56CA-445A-94BF-9BDF10A2BF2F}.Debug|x86.ActiveCfg = Debug|Win32
		{FB5243B6-56CA-445A-94BF-9BDF10A2BF2F}.Debug|x86.Build.0 = Debug|Win32
		{FB5243B6-56CA-445A-94BF-9BDF10A2BF2F}.Release|x64.ActiveCfg = Release|x64
		{FB5243B6-56CA-445A-94BF-9BDF10A2BF2F}.Release|x64.Build.0 = Release|x64
		{FB5243B6-56CA-445A-94BF-9BDF10A2BF2F}.Release|x86.ActiveCfg = Release|Win32
		{FB5243B6-56CA-445A-94BF-9BDF10A2BF2F}.Release|x86.Build.0 = Release|Win32
	EndGlobalSection
	GlobalSection(SolutionProperties) = preSolution
		HideSolutionNode = FALSE
	EndGlobalSection
	GlobalSection(ExtensibilityGlobals) = postSolution
		SolutionGuid = {BC80BDEB-3D04-424E-896D-9C4E2BFA9A6B}
	EndGlobalSection
EndGlobal
