<?xml version="1.0" encoding="utf-8"?>
<Project ToolsVersion="4.0" xmlns="http://schemas.microsoft.com/developer/msbuild/2003">
  <ItemGroup>
    <Filter Include="源文件">
      <UniqueIdentifier>{4FC737F1-C7A5-4376-A066-2A32D752A2FF}</UniqueIdentifier>
      <Extensions>cpp;c;cc;cxx;def;odl;idl;hpj;bat;asm;asmx</Extensions>
    </Filter>
    <Filter Include="头文件">
      <UniqueIdentifier>{93995380-89BD-4b04-88EB-625FBE52EBFB}</UniqueIdentifier>
      <Extensions>h;hh;hpp;hxx;hm;inl;inc;ipp;xsd</Extensions>
    </Filter>
    <Filter Include="资源文件">
      <UniqueIdentifier>{67DA6AB6-F800-4c08-8B7A-83BB121AAD01}</UniqueIdentifier>
      <Extensions>rc;ico;cur;bmp;dlg;rc2;rct;bin;rgs;gif;jpg;jpeg;jpe;resx;tiff;tif;png;wav;mfcribbon-ms</Extensions>
    </Filter>
    <Filter Include="头文件\collection">
      <UniqueIdentifier>{4c18fc42-5b3d-4f8f-ab93-2d41f93f0288}</UniqueIdentifier>
    </Filter>
    <Filter Include="头文件\impl">
      <UniqueIdentifier>{52640753-9fb8-4f97-9a08-2542f8a5d8cb}</UniqueIdentifier>
    </Filter>
    <Filter Include="源文件\collection">
      <UniqueIdentifier>{17563b31-3744-47fa-8b65-3b5a308faa16}</UniqueIdentifier>
    </Filter>
    <Filter Include="源文件\impl">
      <UniqueIdentifier>{143113b0-fff9-4668-aff4-417d7c3e6d56}</UniqueIdentifier>
    </Filter>
    <Filter Include="头文件\string">
      <UniqueIdentifier>{84719c86-9065-4880-b10a-c8004733499a}</UniqueIdentifier>
    </Filter>
    <Filter Include="源文件\string">
      <UniqueIdentifier>{27424d40-5386-4112-a064-d065738ab66e}</UniqueIdentifier>
    </Filter>
    <Filter Include="头文件\algorithm">
      <UniqueIdentifier>{672b775a-58cf-4752-b782-f8638594770a}</UniqueIdentifier>
    </Filter>
    <Filter Include="源文件\algorithm">
      <UniqueIdentifier>{aafed195-ed6a-45d2-bafa-a431bd7e6685}</UniqueIdentifier>
    </Filter>
    <Filter Include="头文件\collection\v1">
      <UniqueIdentifier>{3fb7e9d3-8eca-46b6-b8ec-d01918472fd7}</UniqueIdentifier>
    </Filter>
    <Filter Include="源文件\collection\v1">
      <UniqueIdentifier>{4d7e5d10-5b0d-4335-bf36-6ac235799047}</UniqueIdentifier>
    </Filter>
    <Filter Include="头文件\tree">
      <UniqueIdentifier>{76c49011-c4ae-4ecb-9eed-fe91387187bb}</UniqueIdentifier>
    </Filter>
    <Filter Include="源文件\tree">
      <UniqueIdentifier>{bb5ef585-4638-4dc3-a5ef-f635943f872c}</UniqueIdentifier>
    </Filter>
    <Filter Include="头文件\collection\list">
      <UniqueIdentifier>{7fbee9a0-e10b-4d97-bee3-7e9581ac0991}</UniqueIdentifier>
    </Filter>
    <Filter Include="源文件\collection\list">
      <UniqueIdentifier>{4ba73871-dd24-44b0-9418-234ca9a0d15d}</UniqueIdentifier>
    </Filter>
    <Filter Include="头文件\collection\table">
      <UniqueIdentifier>{539cf05c-c895-4783-9f19-edcdfc310e3d}</UniqueIdentifier>
    </Filter>
    <Filter Include="源文件\collection\table">
      <UniqueIdentifier>{650a4ee8-1b4e-41cf-af06-3dfa60c72096}</UniqueIdentifier>
    </Filter>
    <Filter Include="头文件\test">
      <UniqueIdentifier>{376f5ac3-9501-43db-84ce-4199c1906c07}</UniqueIdentifier>
    </Filter>
  </ItemGroup>
  <ItemGroup>
    <ClCompile Include="main.cpp">
      <Filter>源文件</Filter>
    </ClCompile>
    <ClCompile Include="Demonstration.cpp">
      <Filter>源文件\impl</Filter>
    </ClCompile>
    <ClCompile Include="Joseph.cpp">
      <Filter>源文件\impl</Filter>
    </ClCompile>
    <ClCompile Include="Polynomial.cpp">
      <Filter>源文件\impl</Filter>
    </ClCompile>
    <ClCompile Include="StackTest.cpp">
      <Filter>源文件\impl</Filter>
    </ClCompile>
    <ClCompile Include="String.cpp">
      <Filter>源文件\string</Filter>
    </ClCompile>
    <ClCompile Include="Algorithm.cpp">
      <Filter>源文件\algorithm</Filter>
    </ClCompile>
    <ClCompile Include="MyDeque.cpp">
      <Filter>源文件\collection\v1</Filter>
    </ClCompile>
    <ClCompile Include="MyStack.cpp">
      <Filter>源文件\collection\v1</Filter>
    </ClCompile>
    <ClCompile Include="LinkedList.cpp">
      <Filter>源文件\collection\list</Filter>
    </ClCompile>
    <ClCompile Include="LinkedStack.cpp">
      <Filter>源文件\collection\list</Filter>
    </ClCompile>
    <ClCompile Include="OrderedList.cpp">
      <Filter>源文件\collection\list</Filter>
    </ClCompile>
    <ClCompile Include="SortableList.cpp">
      <Filter>源文件\collection\list</Filter>
    </ClCompile>
    <ClCompile Include="AHashTable.cpp">
      <Filter>源文件\collection\table</Filter>
    </ClCompile>
    <ClCompile Include="CHashTable.cpp">
      <Filter>源文件\collection\table</Filter>
    </ClCompile>
    <ClCompile Include="BinaryTree.cpp">
      <Filter>源文件\tree</Filter>
    </ClCompile>
    <ClCompile Include="BinarySearchTree.cpp">
      <Filter>源文件\tree</Filter>
    </ClCompile>
    <ClCompile Include="AVL.cpp">
      <Filter>源文件\tree</Filter>
    </ClCompile>
    <ClCompile Include="BuildableTree.cpp">
      <Filter>源文件\tree</Filter>
    </ClCompile>
    <ClCompile Include="Browser.cpp">
      <Filter>源文件\impl</Filter>
    </ClCompile>
    <ClCompile Include="Test.h">
      <Filter>头文件\test</Filter>
    </ClCompile>
    <ClCompile Include="SplayTree.cpp">
      <Filter>源文件\tree</Filter>
    </ClCompile>
    <ClCompile Include="Trie.cpp">
      <Filter>源文件\tree</Filter>
    </ClCompile>
    <ClCompile Include="BTree.cpp">
      <Filter>源文件\tree</Filter>
    </ClCompile>
  </ItemGroup>
  <ItemGroup>
    <ClInclude Include="Polynomial.h">
      <Filter>头文件\impl</Filter>
    </ClInclude>
    <ClInclude Include="String.h">
      <Filter>头文件\string</Filter>
    </ClInclude>
    <ClInclude Include="Algorithm.h">
      <Filter>头文件\algorithm</Filter>
    </ClInclude>
    <ClInclude Include="MyStack.h">
      <Filter>头文件\collection\v1</Filter>
    </ClInclude>
    <ClInclude Include="MyQueue.h">
      <Filter>头文件\collection\v1</Filter>
    </ClInclude>
    <ClInclude Include="MyDeque.h">
      <Filter>头文件\collection\v1</Filter>
    </ClInclude>
    <ClInclude Include="LinkedList.h">
      <Filter>头文件\collection\list</Filter>
    </ClInclude>
    <ClInclude Include="LinkedStack.h">
      <Filter>头文件\collection\list</Filter>
    </ClInclude>
    <ClInclude Include="List.h">
      <Filter>头文件\collection\list</Filter>
    </ClInclude>
    <ClInclude Include="OrderedList.h">
      <Filter>头文件\collection\list</Filter>
    </ClInclude>
    <ClInclude Include="SortableList.h">
      <Filter>头文件\collection\list</Filter>
    </ClInclude>
    <ClInclude Include="AHashTable.h">
      <Filter>头文件\collection\table</Filter>
    </ClInclude>
    <ClInclude Include="CHashTable.h">
      <Filter>头文件\collection\table</Filter>
    </ClInclude>
    <ClInclude Include="HashTable.h">
      <Filter>头文件\collection\table</Filter>
    </ClInclude>
    <ClInclude Include="BinaryTree.h">
      <Filter>头文件\tree</Filter>
    </ClInclude>
    <ClInclude Include="BinarySearchTree.h">
      <Filter>头文件\tree</Filter>
    </ClInclude>
    <ClInclude Include="AVL.h">
      <Filter>头文件\tree</Filter>
    </ClInclude>
    <ClInclude Include="BuildableTree.h">
      <Filter>头文件\tree</Filter>
    </ClInclude>
    <ClInclude Include="Browser.h">
      <Filter>头文件\impl</Filter>
    </ClInclude>
    <ClInclude Include="SplayTree.h">
      <Filter>头文件\tree</Filter>
    </ClInclude>
    <ClInclude Include="Trie.h">
      <Filter>头文件\tree</Filter>
    </ClInclude>
    <ClInclude Include="BTree.h">
      <Filter>头文件\tree</Filter>
    </ClInclude>
  </ItemGroup>
</Project>